
Microsoft Visual Studio Solution File, Format Version 12.00
# Visual Studio Version 17
VisualStudioVersion = 17.14.36414.22
MinimumVisualStudioVersion = 10.0.40219.1
Project("{FAE04EC0-301F-11D3-BF4B-00C04F79EFBC}") = "Login", "Login\Login.csproj", "{B5E6E565-5FCE-40D2-8FF4-CC371434A1D0}"
EndProject
Project("{FAE04EC0-301F-11D3-BF4B-00C04F79EFBC}") = "AdminDashboard", "AdminDashboarad\AdminDashboard.csproj", "{AC967596-69B7-42DF-A9E2-7D795C5A0B37}"
EndProject
Project("{FAE04EC0-301F-11D3-BF4B-00C04F79EFBC}") = "Register", "Register\Register.csproj", "{87449FF6-886E-4663-9112-2F2150448480}"
EndProject
Project("{FAE04EC0-301F-11D3-BF4B-00C04F79EFBC}") = "quanlysinhvien", "D:\khungdemo\khungdemo\quanlysinhvien\quanlysinhvien.csproj", "{EB8B8027-631D-461F-AD22-9AE3A3C2C406}"
EndProject
Global
	GlobalSection(SolutionConfigurationPlatforms) = preSolution
		Debug|Any CPU = Debug|Any CPU
		Release|Any CPU = Release|Any CPU
	EndGlobalSection
	GlobalSection(ProjectConfigurationPlatforms) = postSolution
		{B5E6E565-5FCE-40D2-8FF4-CC371434A1D0}.Debug|Any CPU.ActiveCfg = Debug|Any CPU
		{B5E6E565-5FCE-40D2-8FF4-CC371434A1D0}.Debug|Any CPU.Build.0 = Debug|Any CPU
		{B5E6E565-5FCE-40D2-8FF4-CC371434A1D0}.Release|Any CPU.ActiveCfg = Release|Any CPU
		{B5E6E565-5FCE-40D2-8FF4-CC371434A1D0}.Release|Any CPU.Build.0 = Release|Any CPU
		{AC967596-69B7-42DF-A9E2-7D795C5A0B37}.Debug|Any CPU.ActiveCfg = Debug|Any CPU
		{AC967596-69B7-42DF-A9E2-7D795C5A0B37}.Debug|Any CPU.Build.0 = Debug|Any CPU
		{AC967596-69B7-42DF-A9E2-7D795C5A0B37}.Release|Any CPU.ActiveCfg = Release|Any CPU
		{AC967596-69B7-42DF-A9E2-7D795C5A0B37}.Release|Any CPU.Build.0 = Release|Any CPU
		{87449FF6-886E-4663-9112-2F2150448480}.Debug|Any CPU.ActiveCfg = Debug|Any CPU
		{87449FF6-886E-4663-9112-2F2150448480}.Debug|Any CPU.Build.0 = Debug|Any CPU
		{87449FF6-886E-4663-9112-2F2150448480}.Release|Any CPU.ActiveCfg = Release|Any CPU
		{87449FF6-886E-4663-9112-2F2150448480}.Release|Any CPU.Build.0 = Release|Any CPU
		{EB8B8027-631D-461F-AD22-9AE3A3C2C406}.Debug|Any CPU.ActiveCfg = Debug|Any CPU
		{EB8B8027-631D-461F-AD22-9AE3A3C2C406}.Debug|Any CPU.Build.0 = Debug|Any CPU
		{EB8B8027-631D-461F-AD22-9AE3A3C2C406}.Release|Any CPU.ActiveCfg = Release|Any CPU
		{EB8B8027-631D-461F-AD22-9AE3A3C2C406}.Release|Any CPU.Build.0 = Release|Any CPU
	EndGlobalSection
	GlobalSection(SolutionProperties) = preSolution
		HideSolutionNode = FALSE
	EndGlobalSection
	GlobalSection(ExtensibilityGlobals) = postSolution
		SolutionGuid = {CD35A96F-3843-435E-92A9-0858F9FE74F1}
	EndGlobalSection
EndGlobal
